
Microsoft Visual Studio Solution File, Format Version 12.00
# Visual Studio Version 17
VisualStudioVersion = 17.8.34316.72
MinimumVisualStudioVersion = 10.0.40219.1
Project("{FAE04EC0-301F-11D3-BF4B-00C04F79EFBC}") = "DB_App", "DB_App.csproj", "{5BE8940B-3D5D-4341-A760-C43070CB8698}"
EndProject
Global
	GlobalSection(SolutionConfigurationPlatforms) = preSolution
		Debug|Any CPU = Debug|Any CPU
		Release|Any CPU = Release|Any CPU
	EndGlobalSection
	GlobalSection(ProjectConfigurationPlatforms) = postSolution
		{5BE8940B-3D5D-4341-A760-C43070CB8698}.Debug|Any CPU.ActiveCfg = Debug|Any CPU
		{5BE8940B-3D5D-4341-A760-C43070CB8698}.Debug|Any CPU.Build.0 = Debug|Any CPU
		{5BE8940B-3D5D-4341-A760-C43070CB8698}.Release|Any CPU.ActiveCfg = Release|Any CPU
		{5BE8940B-3D5D-4341-A760-C43070CB8698}.Release|Any CPU.Build.0 = Release|Any CPU
	EndGlobalSection
	GlobalSection(SolutionProperties) = preSolution
		HideSolutionNode = FALSE
	EndGlobalSection
	GlobalSection(ExtensibilityGlobals) = postSolution
		SolutionGuid = {54F7A4EB-8946-405B-9A57-E728166B58A5}
	EndGlobalSection
EndGlobal
